
Microsoft Visual Studio Solution File, Format Version 12.00
# Visual Studio Version 16
VisualStudioVersion = 16.0.30907.101
MinimumVisualStudioVersion = 10.0.40219.1
Project("{9A19103F-16F7-4668-BE54-9A1E7A4F7556}") = "Producer", "Producer\Producer.csproj", "{CE58E5B9-6D4A-449F-8035-F411B3D6C59B}"
EndProject
Project("{FAE04EC0-301F-11D3-BF4B-00C04F79EFBC}") = "Consumer", "Consumer\Consumer.csproj", "{8FA12855-0543-4270-912D-4DFABD59A051}"
EndProject
Global
	GlobalSection(SolutionConfigurationPlatforms) = preSolution
		Debug|Any CPU = Debug|Any CPU
		Release|Any CPU = Release|Any CPU
	EndGlobalSection
	GlobalSection(ProjectConfigurationPlatforms) = postSolution
		{CE58E5B9-6D4A-449F-8035-F411B3D6C59B}.Debug|Any CPU.ActiveCfg = Debug|Any CPU
		{CE58E5B9-6D4A-449F-8035-F411B3D6C59B}.Debug|Any CPU.Build.0 = Debug|Any CPU
		{CE58E5B9-6D4A-449F-8035-F411B3D6C59B}.Release|Any CPU.ActiveCfg = Release|Any CPU
		{CE58E5B9-6D4A-449F-8035-F411B3D6C59B}.Release|Any CPU.Build.0 = Release|Any CPU
		{8FA12855-0543-4270-912D-4DFABD59A051}.Debug|Any CPU.ActiveCfg = Debug|Any CPU
		{8FA12855-0543-4270-912D-4DFABD59A051}.Debug|Any CPU.Build.0 = Debug|Any CPU
		{8FA12855-0543-4270-912D-4DFABD59A051}.Release|Any CPU.ActiveCfg = Release|Any CPU
		{8FA12855-0543-4270-912D-4DFABD59A051}.Release|Any CPU.Build.0 = Release|Any CPU
	EndGlobalSection
	GlobalSection(SolutionProperties) = preSolution
		HideSolutionNode = FALSE
	EndGlobalSection
	GlobalSection(ExtensibilityGlobals) = postSolution
		SolutionGuid = {84C8206E-D48F-49F8-846D-24E2DDF7A942}
	EndGlobalSection
EndGlobal
